
Microsoft Visual Studio Solution File, Format Version 12.00
# Visual Studio Version 16
VisualStudioVersion = 16.0.30803.129
MinimumVisualStudioVersion = 10.0.40219.1
Project("{FAE04EC0-301F-11D3-BF4B-00C04F79EFBC}") = "DungeonRunnersUnpacker", "DungeonRunnersUnpacker\DungeonRunnersUnpacker.csproj", "{D201CC78-C451-48DE-B89A-1C55C3AB4777}"
EndProject
Global
	GlobalSection(SolutionConfigurationPlatforms) = preSolution
		Debug|Any CPU = Debug|Any CPU
		Release|Any CPU = Release|Any CPU
	EndGlobalSection
	GlobalSection(ProjectConfigurationPlatforms) = postSolution
		{D201CC78-C451-48DE-B89A-1C55C3AB4777}.Debug|Any CPU.ActiveCfg = Debug|Any CPU
		{D201CC78-C451-48DE-B89A-1C55C3AB4777}.Debug|Any CPU.Build.0 = Debug|Any CPU
		{D201CC78-C451-48DE-B89A-1C55C3AB4777}.Release|Any CPU.ActiveCfg = Release|Any CPU
		{D201CC78-C451-48DE-B89A-1C55C3AB4777}.Release|Any CPU.Build.0 = Release|Any CPU
	EndGlobalSection
	GlobalSection(SolutionProperties) = preSolution
		HideSolutionNode = FALSE
	EndGlobalSection
	GlobalSection(ExtensibilityGlobals) = postSolution
		SolutionGuid = {34970CB0-987E-42BA-AC48-6F9698BBD37F}
	EndGlobalSection
EndGlobal
